<?xml version="1.0" encoding="UTF-8"?>
<CONFIG>
  <ProjectOptions>
    <Version Value="11"/>
    <PathDelim Value="\"/>
    <General>
      <MainUnit Value="0"/>
      <Title Value="HydroBuddy - an Open source nutrient calculator"/>
      <UseXPManifest Value="True"/>
      <Icon Value="0"/>
    </General>
    <VersionInfo>
      <UseVersionInfo Value="True"/>
      <MajorVersionNr Value="1"/>
      <MinorVersionNr Value="5"/>
      <StringTable ProductVersion="1.0.0.0"/>
    </VersionInfo>
    <BuildModes Count="1">
      <Item1 Name="default" Default="True"/>
    </BuildModes>
    <PublishOptions>
      <Version Value="2"/>
    </PublishOptions>
    <RunParams>
      <local>
        <LaunchingApplication PathPlusParams="\usr\X11R6\bin\xterm -T 'Lazarus Run Output' -e $(LazarusDir)\tools\runwait.sh $(TargetCmdLine)"/>
      </local>
      <FormatVersion Value="2"/>
      <Modes Count="1">
        <Mode0 Name="default">
          <local>
            <LaunchingApplication PathPlusParams="\usr\X11R6\bin\xterm -T 'Lazarus Run Output' -e $(LazarusDir)\tools\runwait.sh $(TargetCmdLine)"/>
          </local>
        </Mode0>
      </Modes>
    </RunParams>
    <RequiredPackages Count="3">
      <Item1>
        <PackageName Value="LCLBase"/>
        <MinVersion Major="1" Release="1" Valid="True"/>
      </Item1>
      <Item2>
        <PackageName Value="TAChartLazarusPkg"/>
        <MinVersion Major="1" Valid="True"/>
      </Item2>
      <Item3>
        <PackageName Value="LCL"/>
      </Item3>
    </RequiredPackages>
    <Units Count="30">
      <Unit0>
        <Filename Value="hydrobuddy.lpr"/>
        <IsPartOfProject Value="True"/>
        <EditorIndex Value="6"/>
        <WindowIndex Value="1"/>
        <TopLine Value="133"/>
        <CursorPos X="9" Y="160"/>
        <UsageCount Value="200"/>
        <Loaded Value="True"/>
        <LoadedDesigner Value="True"/>
      </Unit0>
      <Unit1>
        <Filename Value="hb_main.pas"/>
        <IsPartOfProject Value="True"/>
        <ComponentName Value="Form1"/>
        <HasResources Value="True"/>
        <ResourceBaseClass Value="Form"/>
        <UnitName Value="HB_Main"/>
        <EditorIndex Value="8"/>
        <WindowIndex Value="1"/>
        <TopLine Value="279"/>
        <CursorPos X="5" Y="303"/>
        <UsageCount Value="200"/>
        <Bookmarks Count="2">
          <Item0 X="34" Y="835"/>
          <Item1 X="3" Y="1624" ID="1"/>
        </Bookmarks>
        <Loaded Value="True"/>
        <LoadedDesigner Value="True"/>
      </Unit1>
      <Unit2>
        <Filename Value="hb_load_salts.pas"/>
        <IsPartOfProject Value="True"/>
        <ComponentName Value="Form2"/>
        <HasResources Value="True"/>
        <ResourceBaseClass Value="Form"/>
        <EditorIndex Value="1"/>
        <WindowIndex Value="1"/>
        <TopLine Value="589"/>
        <CursorPos X="34" Y="608"/>
        <UsageCount Value="200"/>
        <Loaded Value="True"/>
        <LoadedDesigner Value="True"/>
      </Unit2>
      <Unit3>
        <Filename Value="hb_newcustomsalt.pas"/>
        <IsPartOfProject Value="True"/>
        <ComponentName Value="Form3"/>
        <HasResources Value="True"/>
        <ResourceBaseClass Value="Form"/>
        <WindowIndex Value="1"/>
        <TopLine Value="333"/>
        <CursorPos X="18" Y="348"/>
        <UsageCount Value="200"/>
        <Loaded Value="True"/>
        <LoadedDesigner Value="True"/>
      </Unit3>
      <Unit4>
        <Filename Value="D:\lazarus\lcl\interfaces\win32\win32listsl.inc"/>
        <TopLine Value="158"/>
        <CursorPos Y="172"/>
        <UsageCount Value="49"/>
      </Unit4>
      <Unit5>
        <Filename Value="densesolver.pas"/>
        <IsPartOfProject Value="True"/>
        <TopLine Value="3144"/>
        <CursorPos X="8" Y="3181"/>
        <UsageCount Value="200"/>
      </Unit5>
      <Unit6>
        <Filename Value="D:\lazarus\lcl\include\control.inc"/>
        <TopLine Value="2270"/>
        <CursorPos X="74" Y="2283"/>
        <UsageCount Value="34"/>
      </Unit6>
      <Unit7>
        <Filename Value="hb_addweight.pas"/>
        <IsPartOfProject Value="True"/>
        <ComponentName Value="Form4"/>
        <HasResources Value="True"/>
        <ResourceBaseClass Value="Form"/>
        <EditorIndex Value="2"/>
        <WindowIndex Value="1"/>
        <TopLine Value="29"/>
        <CursorPos X="20" Y="44"/>
        <UsageCount Value="230"/>
        <Loaded Value="True"/>
        <LoadedDesigner Value="True"/>
      </Unit7>
      <Unit8>
        <Filename Value="hb_commercialnutrient.pas"/>
        <IsPartOfProject Value="True"/>
        <ComponentName Value="Form5"/>
        <HasResources Value="True"/>
        <ResourceBaseClass Value="Form"/>
        <EditorIndex Value="15"/>
        <WindowIndex Value="1"/>
        <TopLine Value="234"/>
        <CursorPos X="3" Y="202"/>
        <UsageCount Value="224"/>
        <Loaded Value="True"/>
        <LoadedDesigner Value="True"/>
      </Unit8>
      <Unit9>
        <Filename Value="hb_waterquality.pas"/>
        <IsPartOfProject Value="True"/>
        <ComponentName Value="Form6"/>
        <HasResources Value="True"/>
        <ResourceBaseClass Value="Form"/>
        <IsVisibleTab Value="True"/>
        <EditorIndex Value="18"/>
        <WindowIndex Value="1"/>
        <TopLine Value="88"/>
        <CursorPos X="28" Y="105"/>
        <UsageCount Value="204"/>
        <Loaded Value="True"/>
        <LoadedDesigner Value="True"/>
      </Unit9>
      <Unit10>
        <Filename Value="hb_insprecision.pas"/>
        <IsPartOfProject Value="True"/>
        <ComponentName Value="Form7"/>
        <HasResources Value="True"/>
        <ResourceBaseClass Value="Form"/>
        <EditorIndex Value="20"/>
        <WindowIndex Value="1"/>
        <TopLine Value="21"/>
        <CursorPos X="3" Y="45"/>
        <UsageCount Value="202"/>
        <Loaded Value="True"/>
      </Unit10>
      <Unit11>
        <Filename Value="hb_stockanalysis.pas"/>
        <IsPartOfProject Value="True"/>
        <ComponentName Value="Form8"/>
        <HasResources Value="True"/>
        <ResourceBaseClass Value="Form"/>
        <EditorIndex Value="14"/>
        <WindowIndex Value="1"/>
        <TopLine Value="17"/>
        <CursorPos X="45" Y="28"/>
        <UsageCount Value="200"/>
        <Loaded Value="True"/>
        <LoadedDesigner Value="True"/>
      </Unit11>
      <Unit12>
        <Filename Value="hb_persubstance.pas"/>
        <IsPartOfProject Value="True"/>
        <ComponentName Value="Form9"/>
        <HasResources Value="True"/>
        <ResourceBaseClass Value="Form"/>
        <EditorIndex Value="13"/>
        <WindowIndex Value="1"/>
        <CursorPos X="32" Y="23"/>
        <UsageCount Value="216"/>
        <Loaded Value="True"/>
        <LoadedDesigner Value="True"/>
      </Unit12>
      <Unit13>
        <Filename Value="hb_datasetname.pas"/>
        <IsPartOfProject Value="True"/>
        <ComponentName Value="Form10"/>
        <HasResources Value="True"/>
        <ResourceBaseClass Value="Form"/>
        <EditorIndex Value="3"/>
        <WindowIndex Value="1"/>
        <TopLine Value="18"/>
        <CursorPos X="22" Y="24"/>
        <UsageCount Value="209"/>
        <Loaded Value="True"/>
        <LoadedDesigner Value="True"/>
      </Unit13>
      <Unit14>
        <Filename Value="hb_analysis.pas"/>
        <IsPartOfProject Value="True"/>
        <ComponentName Value="Form11"/>
        <HasResources Value="True"/>
        <ResourceBaseClass Value="Form"/>
        <EditorIndex Value="12"/>
        <WindowIndex Value="1"/>
        <TopLine Value="12"/>
        <CursorPos X="61" Y="23"/>
        <UsageCount Value="200"/>
        <Loaded Value="True"/>
        <LoadedDesigner Value="True"/>
      </Unit14>
      <Unit15>
        <Filename Value="D:\lazarus\components\codetools\definetemplates.pas"/>
        <UnitName Value="DefineTemplates"/>
        <TopLine Value="1054"/>
        <CursorPos X="9" Y="1071"/>
        <UsageCount Value="46"/>
      </Unit15>
      <Unit16>
        <Filename Value="descriptivestatistics.pas"/>
        <EditorIndex Value="11"/>
        <WindowIndex Value="1"/>
        <TopLine Value="132"/>
        <CursorPos X="24" Y="160"/>
        <UsageCount Value="100"/>
        <Loaded Value="True"/>
      </Unit16>
      <Unit17>
        <Filename Value="D:\lazarus\lcl\include\customcombobox.inc"/>
        <TopLine Value="181"/>
        <CursorPos Y="214"/>
        <UsageCount Value="43"/>
      </Unit17>
      <Unit18>
        <Filename Value="D:\lazarus\lcl\include\buttoncontrol.inc"/>
        <TopLine Value="44"/>
        <CursorPos X="11" Y="51"/>
        <UsageCount Value="34"/>
      </Unit18>
      <Unit19>
        <Filename Value="hb_freedom.pas"/>
        <IsPartOfProject Value="True"/>
        <ComponentName Value="Form12"/>
        <HasResources Value="True"/>
        <ResourceBaseClass Value="Form"/>
        <EditorIndex Value="10"/>
        <WindowIndex Value="1"/>
        <CursorPos X="15" Y="30"/>
        <UsageCount Value="204"/>
        <Loaded Value="True"/>
        <LoadedDesigner Value="True"/>
      </Unit19>
      <Unit20>
        <Filename Value="ping.pas"/>
        <IsPartOfProject Value="True"/>
        <UnitName Value="Ping"/>
        <TopLine Value="53"/>
        <CursorPos X="26" Y="72"/>
        <UsageCount Value="202"/>
      </Unit20>
      <Unit21>
        <Filename Value="pingsend.pas"/>
        <CursorPos X="3" Y="76"/>
        <UsageCount Value="50"/>
      </Unit21>
      <Unit22>
        <Filename Value="D:\lazarus\fpc\2.4.3\source\packages\fcl-db\src\base\db.pas"/>
        <TopLine Value="370"/>
        <CursorPos X="14" Y="389"/>
        <UsageCount Value="27"/>
      </Unit22>
      <Unit23>
        <Filename Value="hb_ph.pas"/>
        <IsPartOfProject Value="True"/>
        <ComponentName Value="Form13"/>
        <HasResources Value="True"/>
        <ResourceBaseClass Value="Form"/>
        <EditorIndex Value="19"/>
        <WindowIndex Value="1"/>
        <CursorPos X="71" Y="48"/>
        <UsageCount Value="248"/>
        <Loaded Value="True"/>
        <LoadedDesigner Value="True"/>
      </Unit23>
      <Unit24>
        <Filename Value="hb_ratios.pas"/>
        <IsPartOfProject Value="True"/>
        <ComponentName Value="Form14"/>
        <HasResources Value="True"/>
        <ResourceBaseClass Value="Form"/>
        <EditorIndex Value="4"/>
        <WindowIndex Value="1"/>
        <TopLine Value="24"/>
        <CursorPos X="20" Y="44"/>
        <UsageCount Value="246"/>
        <Loaded Value="True"/>
        <LoadedDesigner Value="True"/>
      </Unit24>
      <Unit25>
        <Filename Value="hb_comparison.pas"/>
        <IsPartOfProject Value="True"/>
        <ComponentName Value="Form15"/>
        <HasResources Value="True"/>
        <ResourceBaseClass Value="Form"/>
        <EditorIndex Value="5"/>
        <WindowIndex Value="1"/>
        <CursorPos X="72" Y="32"/>
        <UsageCount Value="229"/>
        <Loaded Value="True"/>
        <LoadedDesigner Value="True"/>
      </Unit25>
      <Unit26>
        <Filename Value="C:\lazarus\lazarus\lcl\include\customform.inc"/>
        <EditorIndex Value="9"/>
        <WindowIndex Value="1"/>
        <TopLine Value="1999"/>
        <CursorPos Y="2014"/>
        <UsageCount Value="110"/>
        <Loaded Value="True"/>
      </Unit26>
      <Unit27>
        <Filename Value="C:\lazarus\lazarus\lcl\grids.pas"/>
        <UnitName Value="Grids"/>
        <EditorIndex Value="17"/>
        <WindowIndex Value="1"/>
        <TopLine Value="9930"/>
        <CursorPos Y="9946"/>
        <UsageCount Value="109"/>
        <Loaded Value="True"/>
      </Unit27>
      <Unit28>
        <Filename Value="C:\lazarus\lazarus\lcl\interfaces\win32\win32listsl.inc"/>
        <EditorIndex Value="16"/>
        <WindowIndex Value="1"/>
        <TopLine Value="138"/>
        <CursorPos X="54" Y="166"/>
        <UsageCount Value="109"/>
        <Loaded Value="True"/>
      </Unit28>
      <Unit29>
        <Filename Value="C:\lazarus\lazarus\lcl\include\control.inc"/>
        <EditorIndex Value="7"/>
        <WindowIndex Value="1"/>
        <TopLine Value="3538"/>
        <CursorPos Y="3548"/>
        <UsageCount Value="115"/>
        <Loaded Value="True"/>
      </Unit29>
    </Units>
    <JumpHistory Count="30" HistoryIndex="29">
      <Position1>
        <Filename Value="hb_main.pas"/>
        <Caret Line="3611" Column="18" TopLine="3594"/>
      </Position1>
      <Position2>
        <Filename Value="hb_main.pas"/>
        <Caret Line="1747" Column="41" TopLine="1732"/>
      </Position2>
      <Position3>
        <Filename Value="hb_main.pas"/>
        <Caret Line="3622" Column="68" TopLine="3598"/>
      </Position3>
      <Position4>
        <Filename Value="hb_load_salts.pas"/>
        <Caret Line="919" Column="95" TopLine="905"/>
      </Position4>
      <Position5>
        <Filename Value="hb_newcustomsalt.pas"/>
        <Caret Line="202" Column="32" TopLine="184"/>
      </Position5>
      <Position6>
        <Filename Value="hb_newcustomsalt.pas"/>
        <Caret Line="155" Column="43" TopLine="155"/>
      </Position6>
      <Position7>
        <Filename Value="hb_newcustomsalt.pas"/>
        <Caret Line="250" Column="28" TopLine="251"/>
      </Position7>
      <Position8>
        <Filename Value="hb_newcustomsalt.pas"/>
        <Caret Line="142" Column="50" TopLine="136"/>
      </Position8>
      <Position9>
        <Filename Value="hb_newcustomsalt.pas"/>
        <Caret Line="244" Column="11" TopLine="221"/>
      </Position9>
      <Position10>
        <Filename Value="hb_main.pas"/>
        <Caret Line="1276" Column="148" TopLine="1249"/>
      </Position10>
      <Position11>
        <Filename Value="hb_main.pas"/>
        <Caret Line="3389" Column="3" TopLine="3387"/>
      </Position11>
      <Position12>
        <Filename Value="hb_main.pas"/>
        <Caret Line="1707" Column="59" TopLine="1692"/>
      </Position12>
      <Position13>
        <Filename Value="hb_commercialnutrient.pas"/>
        <Caret Line="100" Column="48" TopLine="80"/>
      </Position13>
      <Position14>
        <Filename Value="hb_commercialnutrient.pas"/>
        <Caret Line="317" Column="24" TopLine="68"/>
      </Position14>
      <Position15>
        <Filename Value="hb_commercialnutrient.pas"/>
        <Caret Line="254" Column="35" TopLine="236"/>
      </Position15>
      <Position16>
        <Filename Value="hb_main.pas"/>
        <Caret Line="3365" Column="3" TopLine="3364"/>
      </Position16>
      <Position17>
        <Filename Value="hb_main.pas"/>
        <Caret Line="3214" Column="58" TopLine="3194"/>
      </Position17>
      <Position18>
        <Filename Value="hb_main.pas"/>
        <Caret Line="1376" Column="3" TopLine="1369"/>
      </Position18>
      <Position19>
        <Filename Value="hb_main.pas"/>
        <Caret Line="3327" Column="3" TopLine="3327"/>
      </Position19>
      <Position20>
        <Filename Value="hb_main.pas"/>
        <Caret Line="3546" Column="4" TopLine="3532"/>
      </Position20>
      <Position21>
        <Filename Value="hb_waterquality.pas"/>
        <Caret Line="237" Column="28" TopLine="206"/>
      </Position21>
      <Position22>
        <Filename Value="hb_waterquality.pas"/>
        <Caret Line="258" Column="52" TopLine="237"/>
      </Position22>
      <Position23>
        <Filename Value="hb_main.pas"/>
        <Caret Line="294" Column="137" TopLine="286"/>
      </Position23>
      <Position24>
        <Filename Value="hb_load_salts.pas"/>
        <Caret Line="496" Column="3" TopLine="489"/>
      </Position24>
      <Position25>
        <Filename Value="hb_newcustomsalt.pas"/>
        <Caret Line="97" Column="3" TopLine="129"/>
      </Position25>
      <Position26>
        <Filename Value="hb_newcustomsalt.pas"/>
        <Caret Line="311" Column="3" TopLine="307"/>
      </Position26>
      <Position27>
        <Filename Value="hb_main.pas"/>
        <Caret Line="1297" Column="29" TopLine="1272"/>
      </Position27>
      <Position28>
        <Filename Value="hb_main.pas"/>
        <Caret Line="3566" Column="3" TopLine="3563"/>
      </Position28>
      <Position29>
        <Filename Value="hb_newcustomsalt.pas"/>
        <Caret Line="351" Column="61" TopLine="333"/>
      </Position29>
      <Position30>
        <Filename Value="hb_newcustomsalt.pas"/>
        <Caret Line="362" Column="3" TopLine="356"/>
      </Position30>
    </JumpHistory>
  </ProjectOptions>
  <CompilerOptions>
    <Version Value="11"/>
    <PathDelim Value="\"/>
    <SearchPaths>
      <IncludeFiles Value="$(ProjOutDir)"/>
    </SearchPaths>
    <Parsing>
      <SyntaxOptions>
        <UseAnsiStrings Value="False"/>
      </SyntaxOptions>
    </Parsing>
    <CodeGeneration>
      <TargetCPU Value="i386"/>
      <TargetOS Value="win32"/>
    </CodeGeneration>
    <Linking>
      <Options>
        <Win32>
          <GraphicApplication Value="True"/>
        </Win32>
      </Options>
    </Linking>
  </CompilerOptions>
  <Debugging>
    <Exceptions Count="3">
      <Item1>
        <Name Value="EAbort"/>
      </Item1>
      <Item2>
        <Name Value="ECodetoolError"/>
      </Item2>
      <Item3>
        <Name Value="EFOpenError"/>
      </Item3>
    </Exceptions>
  </Debugging>
</CONFIG>
