<?xml version="1.0" encoding="UTF-8"?>
<CONFIG>
  <ProjectOptions>
    <Version Value="11"/>
    <PathDelim Value="\"/>
    <General>
      <MainUnit Value="0"/>
      <Title Value="HydroBuddy - an Open source nutrient calculator"/>
      <UseXPManifest Value="True"/>
      <Icon Value="0"/>
    </General>
    <VersionInfo>
      <UseVersionInfo Value="True"/>
      <MajorVersionNr Value="1"/>
      <MinorVersionNr Value="5"/>
      <StringTable ProductVersion="1.0.0.0"/>
    </VersionInfo>
    <BuildModes Count="1">
      <Item1 Name="default" Default="True"/>
    </BuildModes>
    <PublishOptions>
      <Version Value="2"/>
    </PublishOptions>
    <RunParams>
      <local>
        <LaunchingApplication PathPlusParams="\usr\X11R6\bin\xterm -T 'Lazarus Run Output' -e $(LazarusDir)\tools\runwait.sh $(TargetCmdLine)"/>
      </local>
      <FormatVersion Value="2"/>
      <Modes Count="1">
        <Mode0 Name="default">
          <local>
            <LaunchingApplication PathPlusParams="\usr\X11R6\bin\xterm -T 'Lazarus Run Output' -e $(LazarusDir)\tools\runwait.sh $(TargetCmdLine)"/>
          </local>
        </Mode0>
      </Modes>
    </RunParams>
    <RequiredPackages Count="3">
      <Item1>
        <PackageName Value="LCLBase"/>
        <MinVersion Major="1" Release="1" Valid="True"/>
      </Item1>
      <Item2>
        <PackageName Value="TAChartLazarusPkg"/>
        <MinVersion Major="1" Valid="True"/>
      </Item2>
      <Item3>
        <PackageName Value="LCL"/>
      </Item3>
    </RequiredPackages>
    <Units Count="25">
      <Unit0>
        <Filename Value="hydrobuddy.lpr"/>
        <IsPartOfProject Value="True"/>
        <IsVisibleTab Value="True"/>
        <EditorIndex Value="6"/>
        <WindowIndex Value="1"/>
        <TopLine Value="91"/>
        <CursorPos X="76" Y="106"/>
        <UsageCount Value="200"/>
        <Loaded Value="True"/>
        <LoadedDesigner Value="True"/>
      </Unit0>
      <Unit1>
        <Filename Value="hb_main.pas"/>
        <IsPartOfProject Value="True"/>
        <ComponentName Value="Form1"/>
        <HasResources Value="True"/>
        <ResourceBaseClass Value="Form"/>
        <UnitName Value="HB_Main"/>
        <EditorIndex Value="8"/>
        <WindowIndex Value="1"/>
        <TopLine Value="3425"/>
        <CursorPos X="46" Y="3428"/>
        <UsageCount Value="200"/>
        <Bookmarks Count="2">
          <Item0 X="34" Y="838"/>
          <Item1 X="3" Y="1657" ID="1"/>
        </Bookmarks>
        <Loaded Value="True"/>
        <LoadedDesigner Value="True"/>
      </Unit1>
      <Unit2>
        <Filename Value="hb_load_salts.pas"/>
        <IsPartOfProject Value="True"/>
        <ComponentName Value="Form2"/>
        <HasResources Value="True"/>
        <ResourceBaseClass Value="Form"/>
        <EditorIndex Value="1"/>
        <WindowIndex Value="1"/>
        <TopLine Value="520"/>
        <CursorPos Y="527"/>
        <UsageCount Value="200"/>
        <Loaded Value="True"/>
        <LoadedDesigner Value="True"/>
      </Unit2>
      <Unit3>
        <Filename Value="hb_newcustomsalt.pas"/>
        <IsPartOfProject Value="True"/>
        <ComponentName Value="Form3"/>
        <HasResources Value="True"/>
        <ResourceBaseClass Value="Form"/>
        <WindowIndex Value="1"/>
        <TopLine Value="73"/>
        <CursorPos Y="86"/>
        <UsageCount Value="200"/>
        <Loaded Value="True"/>
      </Unit3>
      <Unit4>
        <Filename Value="densesolver.pas"/>
        <IsPartOfProject Value="True"/>
        <TopLine Value="3144"/>
        <CursorPos X="8" Y="3181"/>
        <UsageCount Value="200"/>
      </Unit4>
      <Unit5>
        <Filename Value="hb_addweight.pas"/>
        <IsPartOfProject Value="True"/>
        <ComponentName Value="Form4"/>
        <HasResources Value="True"/>
        <ResourceBaseClass Value="Form"/>
        <EditorIndex Value="2"/>
        <WindowIndex Value="1"/>
        <CursorPos X="11" Y="9"/>
        <UsageCount Value="230"/>
        <Loaded Value="True"/>
        <LoadedDesigner Value="True"/>
      </Unit5>
      <Unit6>
        <Filename Value="hb_commercialnutrient.pas"/>
        <IsPartOfProject Value="True"/>
        <ComponentName Value="Form5"/>
        <HasResources Value="True"/>
        <ResourceBaseClass Value="Form"/>
        <EditorIndex Value="16"/>
        <WindowIndex Value="1"/>
        <CursorPos X="57" Y="178"/>
        <UsageCount Value="224"/>
        <Loaded Value="True"/>
      </Unit6>
      <Unit7>
        <Filename Value="hb_waterquality.pas"/>
        <IsPartOfProject Value="True"/>
        <ComponentName Value="Form6"/>
        <HasResources Value="True"/>
        <ResourceBaseClass Value="Form"/>
        <EditorIndex Value="19"/>
        <WindowIndex Value="1"/>
        <TopLine Value="74"/>
        <CursorPos X="45" Y="100"/>
        <UsageCount Value="204"/>
        <Loaded Value="True"/>
        <LoadedDesigner Value="True"/>
      </Unit7>
      <Unit8>
        <Filename Value="hb_insprecision.pas"/>
        <IsPartOfProject Value="True"/>
        <ComponentName Value="Form7"/>
        <HasResources Value="True"/>
        <ResourceBaseClass Value="Form"/>
        <EditorIndex Value="21"/>
        <WindowIndex Value="1"/>
        <TopLine Value="26"/>
        <CursorPos X="3" Y="45"/>
        <UsageCount Value="202"/>
        <Loaded Value="True"/>
      </Unit8>
      <Unit9>
        <Filename Value="hb_stockanalysis.pas"/>
        <IsPartOfProject Value="True"/>
        <ComponentName Value="Form8"/>
        <HasResources Value="True"/>
        <ResourceBaseClass Value="Form"/>
        <EditorIndex Value="15"/>
        <WindowIndex Value="1"/>
        <CursorPos X="45" Y="28"/>
        <UsageCount Value="200"/>
        <Loaded Value="True"/>
      </Unit9>
      <Unit10>
        <Filename Value="hb_persubstance.pas"/>
        <IsPartOfProject Value="True"/>
        <ComponentName Value="Form9"/>
        <HasResources Value="True"/>
        <ResourceBaseClass Value="Form"/>
        <EditorIndex Value="14"/>
        <WindowIndex Value="1"/>
        <TopLine Value="11"/>
        <CursorPos X="32" Y="23"/>
        <UsageCount Value="216"/>
        <Loaded Value="True"/>
        <LoadedDesigner Value="True"/>
      </Unit10>
      <Unit11>
        <Filename Value="hb_datasetname.pas"/>
        <IsPartOfProject Value="True"/>
        <ComponentName Value="Form10"/>
        <HasResources Value="True"/>
        <ResourceBaseClass Value="Form"/>
        <EditorIndex Value="3"/>
        <WindowIndex Value="1"/>
        <TopLine Value="18"/>
        <CursorPos X="22" Y="24"/>
        <UsageCount Value="209"/>
        <Loaded Value="True"/>
        <LoadedDesigner Value="True"/>
      </Unit11>
      <Unit12>
        <Filename Value="hb_analysis.pas"/>
        <IsPartOfProject Value="True"/>
        <ComponentName Value="Form11"/>
        <HasResources Value="True"/>
        <ResourceBaseClass Value="Form"/>
        <EditorIndex Value="13"/>
        <WindowIndex Value="1"/>
        <CursorPos X="25" Y="16"/>
        <UsageCount Value="200"/>
        <Loaded Value="True"/>
        <LoadedDesigner Value="True"/>
      </Unit12>
      <Unit13>
        <Filename Value="descriptivestatistics.pas"/>
        <EditorIndex Value="12"/>
        <WindowIndex Value="1"/>
        <TopLine Value="132"/>
        <CursorPos X="24" Y="160"/>
        <UsageCount Value="100"/>
        <Loaded Value="True"/>
      </Unit13>
      <Unit14>
        <Filename Value="hb_freedom.pas"/>
        <IsPartOfProject Value="True"/>
        <ComponentName Value="Form12"/>
        <HasResources Value="True"/>
        <ResourceBaseClass Value="Form"/>
        <EditorIndex Value="11"/>
        <WindowIndex Value="1"/>
        <CursorPos X="22" Y="31"/>
        <UsageCount Value="204"/>
        <Loaded Value="True"/>
      </Unit14>
      <Unit15>
        <Filename Value="ping.pas"/>
        <IsPartOfProject Value="True"/>
        <UnitName Value="Ping"/>
        <TopLine Value="53"/>
        <CursorPos X="26" Y="72"/>
        <UsageCount Value="202"/>
      </Unit15>
      <Unit16>
        <Filename Value="hb_ph.pas"/>
        <IsPartOfProject Value="True"/>
        <ComponentName Value="Form13"/>
        <HasResources Value="True"/>
        <ResourceBaseClass Value="Form"/>
        <EditorIndex Value="20"/>
        <WindowIndex Value="1"/>
        <TopLine Value="44"/>
        <CursorPos X="61" Y="57"/>
        <UsageCount Value="248"/>
        <Loaded Value="True"/>
      </Unit16>
      <Unit17>
        <Filename Value="hb_ratios.pas"/>
        <IsPartOfProject Value="True"/>
        <ComponentName Value="Form14"/>
        <HasResources Value="True"/>
        <ResourceBaseClass Value="Form"/>
        <EditorIndex Value="4"/>
        <WindowIndex Value="1"/>
        <TopLine Value="24"/>
        <CursorPos X="20" Y="44"/>
        <UsageCount Value="246"/>
        <Loaded Value="True"/>
        <LoadedDesigner Value="True"/>
      </Unit17>
      <Unit18>
        <Filename Value="hb_comparison.pas"/>
        <IsPartOfProject Value="True"/>
        <ComponentName Value="Form15"/>
        <HasResources Value="True"/>
        <ResourceBaseClass Value="Form"/>
        <EditorIndex Value="5"/>
        <WindowIndex Value="1"/>
        <TopLine Value="22"/>
        <CursorPos X="72" Y="32"/>
        <UsageCount Value="229"/>
        <Loaded Value="True"/>
      </Unit18>
      <Unit19>
        <Filename Value="C:\lazarus\lazarus\lcl\include\customform.inc"/>
        <EditorIndex Value="10"/>
        <WindowIndex Value="1"/>
        <TopLine Value="1999"/>
        <CursorPos X="31" Y="2019"/>
        <UsageCount Value="110"/>
        <Loaded Value="True"/>
      </Unit19>
      <Unit20>
        <Filename Value="C:\lazarus\lazarus\lcl\grids.pas"/>
        <UnitName Value="Grids"/>
        <EditorIndex Value="18"/>
        <WindowIndex Value="1"/>
        <TopLine Value="9930"/>
        <CursorPos Y="9946"/>
        <UsageCount Value="109"/>
        <Loaded Value="True"/>
      </Unit20>
      <Unit21>
        <Filename Value="C:\lazarus\lazarus\lcl\interfaces\win32\win32listsl.inc"/>
        <EditorIndex Value="17"/>
        <WindowIndex Value="1"/>
        <TopLine Value="138"/>
        <CursorPos X="54" Y="166"/>
        <UsageCount Value="109"/>
        <Loaded Value="True"/>
      </Unit21>
      <Unit22>
        <Filename Value="C:\lazarus\lazarus\lcl\include\control.inc"/>
        <EditorIndex Value="7"/>
        <WindowIndex Value="1"/>
        <TopLine Value="3538"/>
        <CursorPos Y="3548"/>
        <UsageCount Value="115"/>
        <Loaded Value="True"/>
      </Unit22>
      <Unit23>
        <Filename Value="hb_tissue_analysis.pas"/>
        <IsPartOfProject Value="True"/>
        <ComponentName Value="Form16"/>
        <HasResources Value="True"/>
        <ResourceBaseClass Value="Form"/>
        <EditorIndex Value="9"/>
        <WindowIndex Value="1"/>
        <TopLine Value="373"/>
        <CursorPos X="37" Y="382"/>
        <UsageCount Value="169"/>
        <Loaded Value="True"/>
        <LoadedDesigner Value="True"/>
      </Unit23>
      <Unit24>
        <Filename Value="add_tissue_analysis.pas"/>
        <ComponentName Value="Form17"/>
        <ResourceBaseClass Value="Form"/>
        <EditorIndex Value="-1"/>
        <WindowIndex Value="1"/>
        <CursorPos X="63" Y="9"/>
        <UsageCount Value="8"/>
      </Unit24>
    </Units>
    <JumpHistory Count="8" HistoryIndex="7">
      <Position1>
        <Filename Value="hb_main.pas"/>
        <Caret Line="3291" Column="20" TopLine="3291"/>
      </Position1>
      <Position2>
        <Filename Value="hb_main.pas"/>
        <Caret Line="3290" Column="20" TopLine="3290"/>
      </Position2>
      <Position3>
        <Filename Value="hb_main.pas"/>
        <Caret Line="3291" Column="20" TopLine="3291"/>
      </Position3>
      <Position4>
        <Filename Value="hb_main.pas"/>
        <Caret Line="3428" Column="43" TopLine="3425"/>
      </Position4>
      <Position5>
        <Filename Value="hb_newcustomsalt.pas"/>
        <Caret Line="261" Column="5" TopLine="252"/>
      </Position5>
      <Position6>
        <Filename Value="hb_tissue_analysis.pas"/>
        <Caret Line="388" Column="19" TopLine="372"/>
      </Position6>
      <Position7>
        <Filename Value="hb_tissue_analysis.pas"/>
        <Caret Line="389" Column="19" TopLine="373"/>
      </Position7>
      <Position8>
        <Filename Value="hb_tissue_analysis.pas"/>
        <Caret Line="388" Column="19" TopLine="372"/>
      </Position8>
    </JumpHistory>
  </ProjectOptions>
  <CompilerOptions>
    <Version Value="11"/>
    <PathDelim Value="\"/>
    <SearchPaths>
      <IncludeFiles Value="$(ProjOutDir)"/>
    </SearchPaths>
    <Parsing>
      <SyntaxOptions>
        <UseAnsiStrings Value="False"/>
      </SyntaxOptions>
    </Parsing>
    <Linking>
      <Options>
        <Win32>
          <GraphicApplication Value="True"/>
        </Win32>
      </Options>
    </Linking>
  </CompilerOptions>
  <Debugging>
    <Exceptions Count="3">
      <Item1>
        <Name Value="EAbort"/>
      </Item1>
      <Item2>
        <Name Value="ECodetoolError"/>
      </Item2>
      <Item3>
        <Name Value="EFOpenError"/>
      </Item3>
    </Exceptions>
  </Debugging>
</CONFIG>
